
Microsoft Visual Studio Solution File, Format Version 12.00
# Visual Studio Version 17
VisualStudioVersion = 17.7.34031.279
MinimumVisualStudioVersion = 10.0.40219.1
Project("{FAE04EC0-301F-11D3-BF4B-00C04F79EFBC}") = "cnsDrawX", "cnsDrawX\cnsDrawX.csproj", "{A52CD487-3969-4B6D-AB4D-20B40CB5D9ED}"
EndProject
Global
	GlobalSection(SolutionConfigurationPlatforms) = preSolution
		Debug|Any CPU = Debug|Any CPU
		Release|Any CPU = Release|Any CPU
	EndGlobalSection
	GlobalSection(ProjectConfigurationPlatforms) = postSolution
		{A52CD487-3969-4B6D-AB4D-20B40CB5D9ED}.Debug|Any CPU.ActiveCfg = Debug|Any CPU
		{A52CD487-3969-4B6D-AB4D-20B40CB5D9ED}.Debug|Any CPU.Build.0 = Debug|Any CPU
		{A52CD487-3969-4B6D-AB4D-20B40CB5D9ED}.Release|Any CPU.ActiveCfg = Release|Any CPU
		{A52CD487-3969-4B6D-AB4D-20B40CB5D9ED}.Release|Any CPU.Build.0 = Release|Any CPU
	EndGlobalSection
	GlobalSection(SolutionProperties) = preSolution
		HideSolutionNode = FALSE
	EndGlobalSection
	GlobalSection(ExtensibilityGlobals) = postSolution
		SolutionGuid = {431535A0-4175-4C4A-8257-2B8DC32BDA9B}
	EndGlobalSection
EndGlobal
