
Microsoft Visual Studio Solution File, Format Version 12.00
# Visual Studio Version 17
VisualStudioVersion = 17.7.34031.279
MinimumVisualStudioVersion = 10.0.40219.1
Project("{FAE04EC0-301F-11D3-BF4B-00C04F79EFBC}") = "cnsDrawPatternColo", "cnsDrawPatternColo\cnsDrawPatternColo.csproj", "{414C9047-0991-44FB-8BA8-ACA7F2FF5E7A}"
EndProject
Global
	GlobalSection(SolutionConfigurationPlatforms) = preSolution
		Debug|Any CPU = Debug|Any CPU
		Release|Any CPU = Release|Any CPU
	EndGlobalSection
	GlobalSection(ProjectConfigurationPlatforms) = postSolution
		{414C9047-0991-44FB-8BA8-ACA7F2FF5E7A}.Debug|Any CPU.ActiveCfg = Debug|Any CPU
		{414C9047-0991-44FB-8BA8-ACA7F2FF5E7A}.Debug|Any CPU.Build.0 = Debug|Any CPU
		{414C9047-0991-44FB-8BA8-ACA7F2FF5E7A}.Release|Any CPU.ActiveCfg = Release|Any CPU
		{414C9047-0991-44FB-8BA8-ACA7F2FF5E7A}.Release|Any CPU.Build.0 = Release|Any CPU
	EndGlobalSection
	GlobalSection(SolutionProperties) = preSolution
		HideSolutionNode = FALSE
	EndGlobalSection
	GlobalSection(ExtensibilityGlobals) = postSolution
		SolutionGuid = {7280202B-9251-4618-B417-A9AF50BE960B}
	EndGlobalSection
EndGlobal
