
Microsoft Visual Studio Solution File, Format Version 12.00
# Visual Studio Version 17
VisualStudioVersion = 17.7.34024.191
MinimumVisualStudioVersion = 10.0.40219.1
Project("{FAE04EC0-301F-11D3-BF4B-00C04F79EFBC}") = "MauiCalculate", "MauiCalculate\MauiCalculate.csproj", "{19B366FB-99EF-460E-AB66-9B67AB46197D}"
EndProject
Global
	GlobalSection(SolutionConfigurationPlatforms) = preSolution
		Debug|Any CPU = Debug|Any CPU
		Release|Any CPU = Release|Any CPU
	EndGlobalSection
	GlobalSection(ProjectConfigurationPlatforms) = postSolution
		{19B366FB-99EF-460E-AB66-9B67AB46197D}.Debug|Any CPU.ActiveCfg = Debug|Any CPU
		{19B366FB-99EF-460E-AB66-9B67AB46197D}.Debug|Any CPU.Build.0 = Debug|Any CPU
		{19B366FB-99EF-460E-AB66-9B67AB46197D}.Debug|Any CPU.Deploy.0 = Debug|Any CPU
		{19B366FB-99EF-460E-AB66-9B67AB46197D}.Release|Any CPU.ActiveCfg = Release|Any CPU
		{19B366FB-99EF-460E-AB66-9B67AB46197D}.Release|Any CPU.Build.0 = Release|Any CPU
		{19B366FB-99EF-460E-AB66-9B67AB46197D}.Release|Any CPU.Deploy.0 = Release|Any CPU
	EndGlobalSection
	GlobalSection(SolutionProperties) = preSolution
		HideSolutionNode = FALSE
	EndGlobalSection
	GlobalSection(ExtensibilityGlobals) = postSolution
		SolutionGuid = {D63FFBF6-1627-4D77-A158-C4C67231D098}
	EndGlobalSection
EndGlobal
