
Microsoft Visual Studio Solution File, Format Version 12.00
# Visual Studio Version 17
VisualStudioVersion = 17.7.34024.191
MinimumVisualStudioVersion = 10.0.40219.1
Project("{FAE04EC0-301F-11D3-BF4B-00C04F79EFBC}") = "wpfControlContent", "wpfControlContent\wpfControlContent.csproj", "{832BB15F-F5CF-4286-898D-E72BBC032DD6}"
EndProject
Global
	GlobalSection(SolutionConfigurationPlatforms) = preSolution
		Debug|Any CPU = Debug|Any CPU
		Release|Any CPU = Release|Any CPU
	EndGlobalSection
	GlobalSection(ProjectConfigurationPlatforms) = postSolution
		{832BB15F-F5CF-4286-898D-E72BBC032DD6}.Debug|Any CPU.ActiveCfg = Debug|Any CPU
		{832BB15F-F5CF-4286-898D-E72BBC032DD6}.Debug|Any CPU.Build.0 = Debug|Any CPU
		{832BB15F-F5CF-4286-898D-E72BBC032DD6}.Release|Any CPU.ActiveCfg = Release|Any CPU
		{832BB15F-F5CF-4286-898D-E72BBC032DD6}.Release|Any CPU.Build.0 = Release|Any CPU
	EndGlobalSection
	GlobalSection(SolutionProperties) = preSolution
		HideSolutionNode = FALSE
	EndGlobalSection
	GlobalSection(ExtensibilityGlobals) = postSolution
		SolutionGuid = {B8D58A50-0772-47FE-BC84-B03712FD5F8E}
	EndGlobalSection
EndGlobal
