
Microsoft Visual Studio Solution File, Format Version 12.00
# Visual Studio Version 17
VisualStudioVersion = 17.7.34031.279
MinimumVisualStudioVersion = 10.0.40219.1
Project("{FAE04EC0-301F-11D3-BF4B-00C04F79EFBC}") = "wfaFormTransparency", "wfaFormTransparency\wfaFormTransparency.csproj", "{F0B50490-F27E-4619-B1AD-099F3B32C08D}"
EndProject
Global
	GlobalSection(SolutionConfigurationPlatforms) = preSolution
		Debug|Any CPU = Debug|Any CPU
		Release|Any CPU = Release|Any CPU
	EndGlobalSection
	GlobalSection(ProjectConfigurationPlatforms) = postSolution
		{F0B50490-F27E-4619-B1AD-099F3B32C08D}.Debug|Any CPU.ActiveCfg = Debug|Any CPU
		{F0B50490-F27E-4619-B1AD-099F3B32C08D}.Debug|Any CPU.Build.0 = Debug|Any CPU
		{F0B50490-F27E-4619-B1AD-099F3B32C08D}.Release|Any CPU.ActiveCfg = Release|Any CPU
		{F0B50490-F27E-4619-B1AD-099F3B32C08D}.Release|Any CPU.Build.0 = Release|Any CPU
	EndGlobalSection
	GlobalSection(SolutionProperties) = preSolution
		HideSolutionNode = FALSE
	EndGlobalSection
	GlobalSection(ExtensibilityGlobals) = postSolution
		SolutionGuid = {8AB6623C-60CC-423E-97B3-11B3713FB18A}
	EndGlobalSection
EndGlobal
