
Microsoft Visual Studio Solution File, Format Version 12.00
# Visual Studio Version 17
VisualStudioVersion = 17.7.34031.279
MinimumVisualStudioVersion = 10.0.40219.1
Project("{FAE04EC0-301F-11D3-BF4B-00C04F79EFBC}") = "wpfResourcesDictionary", "wpfResourcesDictionary\wpfResourcesDictionary.csproj", "{138E4159-2C6F-4FC0-975C-A74F99D235E7}"
EndProject
Global
	GlobalSection(SolutionConfigurationPlatforms) = preSolution
		Debug|Any CPU = Debug|Any CPU
		Release|Any CPU = Release|Any CPU
	EndGlobalSection
	GlobalSection(ProjectConfigurationPlatforms) = postSolution
		{138E4159-2C6F-4FC0-975C-A74F99D235E7}.Debug|Any CPU.ActiveCfg = Debug|Any CPU
		{138E4159-2C6F-4FC0-975C-A74F99D235E7}.Debug|Any CPU.Build.0 = Debug|Any CPU
		{138E4159-2C6F-4FC0-975C-A74F99D235E7}.Release|Any CPU.ActiveCfg = Release|Any CPU
		{138E4159-2C6F-4FC0-975C-A74F99D235E7}.Release|Any CPU.Build.0 = Release|Any CPU
	EndGlobalSection
	GlobalSection(SolutionProperties) = preSolution
		HideSolutionNode = FALSE
	EndGlobalSection
	GlobalSection(ExtensibilityGlobals) = postSolution
		SolutionGuid = {21BE6C4E-FA44-4982-8FE4-458738867618}
	EndGlobalSection
EndGlobal
