
Microsoft Visual Studio Solution File, Format Version 12.00
# Visual Studio Version 17
VisualStudioVersion = 17.7.34024.191
MinimumVisualStudioVersion = 10.0.40219.1
Project("{FAE04EC0-301F-11D3-BF4B-00C04F79EFBC}") = "wpfStackPanel", "wpfStackPanel\wpfStackPanel.csproj", "{D47659D0-8C09-4166-9AEF-312704E029EB}"
EndProject
Global
	GlobalSection(SolutionConfigurationPlatforms) = preSolution
		Debug|Any CPU = Debug|Any CPU
		Release|Any CPU = Release|Any CPU
	EndGlobalSection
	GlobalSection(ProjectConfigurationPlatforms) = postSolution
		{D47659D0-8C09-4166-9AEF-312704E029EB}.Debug|Any CPU.ActiveCfg = Debug|Any CPU
		{D47659D0-8C09-4166-9AEF-312704E029EB}.Debug|Any CPU.Build.0 = Debug|Any CPU
		{D47659D0-8C09-4166-9AEF-312704E029EB}.Release|Any CPU.ActiveCfg = Release|Any CPU
		{D47659D0-8C09-4166-9AEF-312704E029EB}.Release|Any CPU.Build.0 = Release|Any CPU
	EndGlobalSection
	GlobalSection(SolutionProperties) = preSolution
		HideSolutionNode = FALSE
	EndGlobalSection
	GlobalSection(ExtensibilityGlobals) = postSolution
		SolutionGuid = {9B7D86AA-E627-4B55-A935-93F840767596}
	EndGlobalSection
EndGlobal
