
Microsoft Visual Studio Solution File, Format Version 12.00
# Visual Studio Version 17
VisualStudioVersion = 17.7.34031.279
MinimumVisualStudioVersion = 10.0.40219.1
Project("{FAE04EC0-301F-11D3-BF4B-00C04F79EFBC}") = "wpfCommand", "wpfCommand\wpfCommand.csproj", "{F30868D5-A673-4DA3-B7B3-084745FB4CA2}"
EndProject
Global
	GlobalSection(SolutionConfigurationPlatforms) = preSolution
		Debug|Any CPU = Debug|Any CPU
		Release|Any CPU = Release|Any CPU
	EndGlobalSection
	GlobalSection(ProjectConfigurationPlatforms) = postSolution
		{F30868D5-A673-4DA3-B7B3-084745FB4CA2}.Debug|Any CPU.ActiveCfg = Debug|Any CPU
		{F30868D5-A673-4DA3-B7B3-084745FB4CA2}.Debug|Any CPU.Build.0 = Debug|Any CPU
		{F30868D5-A673-4DA3-B7B3-084745FB4CA2}.Release|Any CPU.ActiveCfg = Release|Any CPU
		{F30868D5-A673-4DA3-B7B3-084745FB4CA2}.Release|Any CPU.Build.0 = Release|Any CPU
	EndGlobalSection
	GlobalSection(SolutionProperties) = preSolution
		HideSolutionNode = FALSE
	EndGlobalSection
	GlobalSection(ExtensibilityGlobals) = postSolution
		SolutionGuid = {DDC4B408-01A6-4B00-89C9-8D7291FF1958}
	EndGlobalSection
EndGlobal
