
Microsoft Visual Studio Solution File, Format Version 12.00
# Visual Studio Version 17
VisualStudioVersion = 17.7.34031.279
MinimumVisualStudioVersion = 10.0.40219.1
Project("{FAE04EC0-301F-11D3-BF4B-00C04F79EFBC}") = "cnsLINQ", "cnsLINQ\cnsLINQ.csproj", "{3FBFF057-0D3B-4864-925E-69E398E3A283}"
EndProject
Global
	GlobalSection(SolutionConfigurationPlatforms) = preSolution
		Debug|Any CPU = Debug|Any CPU
		Release|Any CPU = Release|Any CPU
	EndGlobalSection
	GlobalSection(ProjectConfigurationPlatforms) = postSolution
		{3FBFF057-0D3B-4864-925E-69E398E3A283}.Debug|Any CPU.ActiveCfg = Debug|Any CPU
		{3FBFF057-0D3B-4864-925E-69E398E3A283}.Debug|Any CPU.Build.0 = Debug|Any CPU
		{3FBFF057-0D3B-4864-925E-69E398E3A283}.Release|Any CPU.ActiveCfg = Release|Any CPU
		{3FBFF057-0D3B-4864-925E-69E398E3A283}.Release|Any CPU.Build.0 = Release|Any CPU
	EndGlobalSection
	GlobalSection(SolutionProperties) = preSolution
		HideSolutionNode = FALSE
	EndGlobalSection
	GlobalSection(ExtensibilityGlobals) = postSolution
		SolutionGuid = {8410DE2F-654A-495E-88C8-01D6A4760886}
	EndGlobalSection
EndGlobal
